
Microsoft Visual Studio Solution File, Format Version 12.00
# Visual Studio Version 17
VisualStudioVersion = 17.11.35327.3
MinimumVisualStudioVersion = 10.0.40219.1
Project("{9A19103F-16F7-4668-BE54-9A1E7A4F7556}") = "IssueTracker.Domain", "Domain\IssueTracker.Domain.csproj", "{51FF88EB-A107-4BED-947A-7B896413FB3B}"
EndProject
Project("{9A19103F-16F7-4668-BE54-9A1E7A4F7556}") = "IssueTracker.Application", "IssueTracker.Application\IssueTracker.Application.csproj", "{37B7F88E-4C34-4A27-A2D1-AC64725E079A}"
EndProject
Project("{2150E333-8FDC-42A3-9474-1A3956D46DE8}") = "src", "src", "{B39C5CC6-3607-45F8-AED9-A886614AE825}"
EndProject
Project("{2150E333-8FDC-42A3-9474-1A3956D46DE8}") = "Core", "Core", "{446D3A29-895F-43FA-9B7A-11B842E694F3}"
EndProject
Project("{2150E333-8FDC-42A3-9474-1A3956D46DE8}") = "Infrastructure", "Infrastructure", "{A00F4EDD-EAD8-4236-AA48-5B0F90EEACA4}"
EndProject
Project("{2150E333-8FDC-42A3-9474-1A3956D46DE8}") = "API", "API", "{B4883089-117F-4BAA-AD81-D1547627EC17}"
EndProject
Project("{2150E333-8FDC-42A3-9474-1A3956D46DE8}") = "Persistence", "Persistence", "{D6388831-AFE9-4A9F-8D8C-1E59386786A0}"
EndProject
Project("{9A19103F-16F7-4668-BE54-9A1E7A4F7556}") = "IssueTracker.Persistence", "IssueTracker.Persistence\IssueTracker.Persistence.csproj", "{F9854EEE-34B9-43B9-90A2-E46C846BA057}"
EndProject
Project("{2150E333-8FDC-42A3-9474-1A3956D46DE8}") = "UI", "UI", "{6F45AC6F-CA29-4157-AC3A-0662E1AB239E}"
EndProject
Project("{9A19103F-16F7-4668-BE54-9A1E7A4F7556}") = "IssueTracker.Api", "IssueTracker.Api\IssueTracker.Api.csproj", "{9F7E6D77-AEE8-4FE7-BD82-573ECD895752}"
EndProject
Project("{54A90642-561A-4BB1-A94E-469ADEE60C69}") = "issuetracker.reactwebapp", "IssueTracker.ReactWebApp\issuetracker.reactwebapp.esproj", "{5C8AAE0D-C473-47A6-A32A-E444C14CABE9}"
EndProject
Global
	GlobalSection(SolutionConfigurationPlatforms) = preSolution
		Debug|Any CPU = Debug|Any CPU
		Release|Any CPU = Release|Any CPU
	EndGlobalSection
	GlobalSection(ProjectConfigurationPlatforms) = postSolution
		{51FF88EB-A107-4BED-947A-7B896413FB3B}.Debug|Any CPU.ActiveCfg = Debug|Any CPU
		{51FF88EB-A107-4BED-947A-7B896413FB3B}.Debug|Any CPU.Build.0 = Debug|Any CPU
		{51FF88EB-A107-4BED-947A-7B896413FB3B}.Release|Any CPU.ActiveCfg = Release|Any CPU
		{51FF88EB-A107-4BED-947A-7B896413FB3B}.Release|Any CPU.Build.0 = Release|Any CPU
		{37B7F88E-4C34-4A27-A2D1-AC64725E079A}.Debug|Any CPU.ActiveCfg = Debug|Any CPU
		{37B7F88E-4C34-4A27-A2D1-AC64725E079A}.Debug|Any CPU.Build.0 = Debug|Any CPU
		{37B7F88E-4C34-4A27-A2D1-AC64725E079A}.Release|Any CPU.ActiveCfg = Release|Any CPU
		{37B7F88E-4C34-4A27-A2D1-AC64725E079A}.Release|Any CPU.Build.0 = Release|Any CPU
		{F9854EEE-34B9-43B9-90A2-E46C846BA057}.Debug|Any CPU.ActiveCfg = Debug|Any CPU
		{F9854EEE-34B9-43B9-90A2-E46C846BA057}.Debug|Any CPU.Build.0 = Debug|Any CPU
		{F9854EEE-34B9-43B9-90A2-E46C846BA057}.Release|Any CPU.ActiveCfg = Release|Any CPU
		{F9854EEE-34B9-43B9-90A2-E46C846BA057}.Release|Any CPU.Build.0 = Release|Any CPU
		{9F7E6D77-AEE8-4FE7-BD82-573ECD895752}.Debug|Any CPU.ActiveCfg = Debug|Any CPU
		{9F7E6D77-AEE8-4FE7-BD82-573ECD895752}.Debug|Any CPU.Build.0 = Debug|Any CPU
		{9F7E6D77-AEE8-4FE7-BD82-573ECD895752}.Release|Any CPU.ActiveCfg = Release|Any CPU
		{9F7E6D77-AEE8-4FE7-BD82-573ECD895752}.Release|Any CPU.Build.0 = Release|Any CPU
		{5C8AAE0D-C473-47A6-A32A-E444C14CABE9}.Debug|Any CPU.ActiveCfg = Debug|Any CPU
		{5C8AAE0D-C473-47A6-A32A-E444C14CABE9}.Debug|Any CPU.Build.0 = Debug|Any CPU
		{5C8AAE0D-C473-47A6-A32A-E444C14CABE9}.Debug|Any CPU.Deploy.0 = Debug|Any CPU
		{5C8AAE0D-C473-47A6-A32A-E444C14CABE9}.Release|Any CPU.ActiveCfg = Release|Any CPU
		{5C8AAE0D-C473-47A6-A32A-E444C14CABE9}.Release|Any CPU.Build.0 = Release|Any CPU
		{5C8AAE0D-C473-47A6-A32A-E444C14CABE9}.Release|Any CPU.Deploy.0 = Release|Any CPU
	EndGlobalSection
	GlobalSection(SolutionProperties) = preSolution
		HideSolutionNode = FALSE
	EndGlobalSection
	GlobalSection(NestedProjects) = preSolution
		{51FF88EB-A107-4BED-947A-7B896413FB3B} = {446D3A29-895F-43FA-9B7A-11B842E694F3}
		{37B7F88E-4C34-4A27-A2D1-AC64725E079A} = {446D3A29-895F-43FA-9B7A-11B842E694F3}
		{446D3A29-895F-43FA-9B7A-11B842E694F3} = {B39C5CC6-3607-45F8-AED9-A886614AE825}
		{A00F4EDD-EAD8-4236-AA48-5B0F90EEACA4} = {B39C5CC6-3607-45F8-AED9-A886614AE825}
		{B4883089-117F-4BAA-AD81-D1547627EC17} = {B39C5CC6-3607-45F8-AED9-A886614AE825}
		{D6388831-AFE9-4A9F-8D8C-1E59386786A0} = {A00F4EDD-EAD8-4236-AA48-5B0F90EEACA4}
		{F9854EEE-34B9-43B9-90A2-E46C846BA057} = {D6388831-AFE9-4A9F-8D8C-1E59386786A0}
		{6F45AC6F-CA29-4157-AC3A-0662E1AB239E} = {B39C5CC6-3607-45F8-AED9-A886614AE825}
		{9F7E6D77-AEE8-4FE7-BD82-573ECD895752} = {B4883089-117F-4BAA-AD81-D1547627EC17}
		{5C8AAE0D-C473-47A6-A32A-E444C14CABE9} = {6F45AC6F-CA29-4157-AC3A-0662E1AB239E}
	EndGlobalSection
	GlobalSection(ExtensibilityGlobals) = postSolution
		SolutionGuid = {33E2C006-DCB9-48CF-AFE2-1D05A86F1AE4}
	EndGlobalSection
EndGlobal
