
Microsoft Visual Studio Solution File, Format Version 12.00
# Visual Studio Version 17
VisualStudioVersion = 17.11.35327.3
MinimumVisualStudioVersion = 10.0.40219.1
Project("{FAE04EC0-301F-11D3-BF4B-00C04F79EFBC}") = "IssueTracker.Domain", "Domain\IssueTracker.Domain.csproj", "{51FF88EB-A107-4BED-947A-7B896413FB3B}"
EndProject
Project("{FAE04EC0-301F-11D3-BF4B-00C04F79EFBC}") = "IssueTracker.Application", "IssueTracker.Application\IssueTracker.Application.csproj", "{37B7F88E-4C34-4A27-A2D1-AC64725E079A}"
EndProject
Global
	GlobalSection(SolutionConfigurationPlatforms) = preSolution
		Debug|Any CPU = Debug|Any CPU
		Release|Any CPU = Release|Any CPU
	EndGlobalSection
	GlobalSection(ProjectConfigurationPlatforms) = postSolution
		{51FF88EB-A107-4BED-947A-7B896413FB3B}.Debug|Any CPU.ActiveCfg = Debug|Any CPU
		{51FF88EB-A107-4BED-947A-7B896413FB3B}.Debug|Any CPU.Build.0 = Debug|Any CPU
		{51FF88EB-A107-4BED-947A-7B896413FB3B}.Release|Any CPU.ActiveCfg = Release|Any CPU
		{51FF88EB-A107-4BED-947A-7B896413FB3B}.Release|Any CPU.Build.0 = Release|Any CPU
		{37B7F88E-4C34-4A27-A2D1-AC64725E079A}.Debug|Any CPU.ActiveCfg = Debug|Any CPU
		{37B7F88E-4C34-4A27-A2D1-AC64725E079A}.Debug|Any CPU.Build.0 = Debug|Any CPU
		{37B7F88E-4C34-4A27-A2D1-AC64725E079A}.Release|Any CPU.ActiveCfg = Release|Any CPU
		{37B7F88E-4C34-4A27-A2D1-AC64725E079A}.Release|Any CPU.Build.0 = Release|Any CPU
	EndGlobalSection
	GlobalSection(SolutionProperties) = preSolution
		HideSolutionNode = FALSE
	EndGlobalSection
	GlobalSection(ExtensibilityGlobals) = postSolution
		SolutionGuid = {33E2C006-DCB9-48CF-AFE2-1D05A86F1AE4}
	EndGlobalSection
EndGlobal
